
Microsoft Visual Studio Solution File, Format Version 12.00
# Visual Studio Version 16
VisualStudioVersion = 16.0.31321.278
MinimumVisualStudioVersion = 10.0.40219.1
Project("{9A19103F-16F7-4668-BE54-9A1E7A4F7556}") = "AccountingProgrammers", "AccountingProgrammers\AccountingProgrammers.csproj", "{80CD66FD-2371-4566-A847-EA0137C73FDA}"
EndProject
Project("{FAE04EC0-301F-11D3-BF4B-00C04F79EFBC}") = "DatabaseAccounting", "DatabaseAccounting\DatabaseAccounting.csproj", "{8EBFCFF1-F734-4226-9E50-896C4A4C42EF}"
EndProject
Global
	GlobalSection(SolutionConfigurationPlatforms) = preSolution
		Debug|Any CPU = Debug|Any CPU
		Release|Any CPU = Release|Any CPU
	EndGlobalSection
	GlobalSection(ProjectConfigurationPlatforms) = postSolution
		{80CD66FD-2371-4566-A847-EA0137C73FDA}.Debug|Any CPU.ActiveCfg = Debug|Any CPU
		{80CD66FD-2371-4566-A847-EA0137C73FDA}.Debug|Any CPU.Build.0 = Debug|Any CPU
		{80CD66FD-2371-4566-A847-EA0137C73FDA}.Release|Any CPU.ActiveCfg = Release|Any CPU
		{80CD66FD-2371-4566-A847-EA0137C73FDA}.Release|Any CPU.Build.0 = Release|Any CPU
		{8EBFCFF1-F734-4226-9E50-896C4A4C42EF}.Debug|Any CPU.ActiveCfg = Debug|Any CPU
		{8EBFCFF1-F734-4226-9E50-896C4A4C42EF}.Debug|Any CPU.Build.0 = Debug|Any CPU
		{8EBFCFF1-F734-4226-9E50-896C4A4C42EF}.Release|Any CPU.ActiveCfg = Release|Any CPU
		{8EBFCFF1-F734-4226-9E50-896C4A4C42EF}.Release|Any CPU.Build.0 = Release|Any CPU
	EndGlobalSection
	GlobalSection(SolutionProperties) = preSolution
		HideSolutionNode = FALSE
	EndGlobalSection
	GlobalSection(ExtensibilityGlobals) = postSolution
		SolutionGuid = {8FBDB743-9536-4CB3-9D03-92D499CDFB52}
	EndGlobalSection
EndGlobal
